
Microsoft Visual Studio Solution File, Format Version 12.00
# Visual Studio Version 17
VisualStudioVersion = 17.1.32210.238
MinimumVisualStudioVersion = 10.0.40219.1
Project("{FAE04EC0-301F-11D3-BF4B-00C04F79EFBC}") = "BeeCrowd", "BeeCrowd\BeeCrowd.csproj", "{A03D870F-9871-4DF0-A7C8-610ABC6D4A5F}"
EndProject
Project("{FAE04EC0-301F-11D3-BF4B-00C04F79EFBC}") = "Knight_Moves", "Knight_Moves\Knight_Moves.csproj", "{B8D6D718-9B35-429D-836B-2DFE6CDB3580}"
EndProject
Project("{FAE04EC0-301F-11D3-BF4B-00C04F79EFBC}") = "StarRating", "StarRating\StarRating.csproj", "{1F4C5241-CA20-4AED-9CE5-1A7C111B6B0F}"
EndProject
Project("{FAE04EC0-301F-11D3-BF4B-00C04F79EFBC}") = "Promedio 1", "Promedio 1\Promedio 1.csproj", "{25AD2602-994A-4755-B352-83C78ACCD5B2}"
EndProject
Project("{FAE04EC0-301F-11D3-BF4B-00C04F79EFBC}") = "Flores de Fuego", "Flores de Fuego\Flores de Fuego.csproj", "{D8FDE97A-CEE4-4E92-AE89-5DC2AA600383}"
EndProject
Project("{FAE04EC0-301F-11D3-BF4B-00C04F79EFBC}") = "Ejercicio_1501", "Ejercicio_1501\Ejercicio_1501.csproj", "{74F7AD64-C00E-404F-873D-E6B4486E300C}"
EndProject
Project("{FAE04EC0-301F-11D3-BF4B-00C04F79EFBC}") = "Ejercicio_1540", "Ejercicio_1540\Ejercicio_1540.csproj", "{024A11F4-E245-46F5-A58B-4B4FF93DD67E}"
EndProject
Project("{FAE04EC0-301F-11D3-BF4B-00C04F79EFBC}") = "Ejercicio_1006", "Ejercicio_1006\Ejercicio_1006.csproj", "{2E357799-0D6A-40AA-ADE8-C9FD5686BB41}"
EndProject
Project("{FAE04EC0-301F-11D3-BF4B-00C04F79EFBC}") = "Ejercicio_1007", "Ejercicio_1007\Ejercicio_1007.csproj", "{7A67EEEE-B5C6-4C80-A70A-63F9A7BA7E0A}"
EndProject
Project("{FAE04EC0-301F-11D3-BF4B-00C04F79EFBC}") = "Ejercicio_1008", "Ejercicio_1008\Ejercicio_1008.csproj", "{61E04142-B150-43A8-8BE8-048AE6265337}"
EndProject
Project("{FAE04EC0-301F-11D3-BF4B-00C04F79EFBC}") = "Ejercicio_1009", "Ejercicio_1009\Ejercicio_1009.csproj", "{A93B1253-73D1-450E-8796-2869583515F8}"
EndProject
Project("{FAE04EC0-301F-11D3-BF4B-00C04F79EFBC}") = "Ejercicio_1010", "Ejercicio_1010\Ejercicio_1010.csproj", "{72A3A850-4412-4058-8AC2-5517B6D69483}"
EndProject
Project("{FAE04EC0-301F-11D3-BF4B-00C04F79EFBC}") = "Ejercicio_1011", "Ejercicio_1011\Ejercicio_1011.csproj", "{1C2B28F1-F16B-437F-8246-A15AEFCEE9ED}"
EndProject
Project("{FAE04EC0-301F-11D3-BF4B-00C04F79EFBC}") = "Ejercicio_1012", "Ejercicio_1012\Ejercicio_1012.csproj", "{A11FA325-A0C4-45A9-AD0C-6DA0191EF944}"
EndProject
Project("{FAE04EC0-301F-11D3-BF4B-00C04F79EFBC}") = "Ejercicio_1357", "Ejercicio_1357\Ejercicio_1357.csproj", "{16A08B0B-D1FB-4390-80B2-597F52F36FB3}"
EndProject
Project("{FAE04EC0-301F-11D3-BF4B-00C04F79EFBC}") = "Ejercicio_1410", "Ejercicio_1410\Ejercicio_1410.csproj", "{1545A176-6639-49B9-9404-852DE1920204}"
EndProject
Global
	GlobalSection(SolutionConfigurationPlatforms) = preSolution
		Debug|Any CPU = Debug|Any CPU
		Release|Any CPU = Release|Any CPU
	EndGlobalSection
	GlobalSection(ProjectConfigurationPlatforms) = postSolution
		{A03D870F-9871-4DF0-A7C8-610ABC6D4A5F}.Debug|Any CPU.ActiveCfg = Debug|Any CPU
		{A03D870F-9871-4DF0-A7C8-610ABC6D4A5F}.Debug|Any CPU.Build.0 = Debug|Any CPU
		{A03D870F-9871-4DF0-A7C8-610ABC6D4A5F}.Release|Any CPU.ActiveCfg = Release|Any CPU
		{A03D870F-9871-4DF0-A7C8-610ABC6D4A5F}.Release|Any CPU.Build.0 = Release|Any CPU
		{B8D6D718-9B35-429D-836B-2DFE6CDB3580}.Debug|Any CPU.ActiveCfg = Debug|Any CPU
		{B8D6D718-9B35-429D-836B-2DFE6CDB3580}.Debug|Any CPU.Build.0 = Debug|Any CPU
		{B8D6D718-9B35-429D-836B-2DFE6CDB3580}.Release|Any CPU.ActiveCfg = Release|Any CPU
		{B8D6D718-9B35-429D-836B-2DFE6CDB3580}.Release|Any CPU.Build.0 = Release|Any CPU
		{1F4C5241-CA20-4AED-9CE5-1A7C111B6B0F}.Debug|Any CPU.ActiveCfg = Debug|Any CPU
		{1F4C5241-CA20-4AED-9CE5-1A7C111B6B0F}.Debug|Any CPU.Build.0 = Debug|Any CPU
		{1F4C5241-CA20-4AED-9CE5-1A7C111B6B0F}.Release|Any CPU.ActiveCfg = Release|Any CPU
		{1F4C5241-CA20-4AED-9CE5-1A7C111B6B0F}.Release|Any CPU.Build.0 = Release|Any CPU
		{25AD2602-994A-4755-B352-83C78ACCD5B2}.Debug|Any CPU.ActiveCfg = Debug|Any CPU
		{25AD2602-994A-4755-B352-83C78ACCD5B2}.Debug|Any CPU.Build.0 = Debug|Any CPU
		{25AD2602-994A-4755-B352-83C78ACCD5B2}.Release|Any CPU.ActiveCfg = Release|Any CPU
		{25AD2602-994A-4755-B352-83C78ACCD5B2}.Release|Any CPU.Build.0 = Release|Any CPU
		{D8FDE97A-CEE4-4E92-AE89-5DC2AA600383}.Debug|Any CPU.ActiveCfg = Debug|Any CPU
		{D8FDE97A-CEE4-4E92-AE89-5DC2AA600383}.Debug|Any CPU.Build.0 = Debug|Any CPU
		{D8FDE97A-CEE4-4E92-AE89-5DC2AA600383}.Release|Any CPU.ActiveCfg = Release|Any CPU
		{D8FDE97A-CEE4-4E92-AE89-5DC2AA600383}.Release|Any CPU.Build.0 = Release|Any CPU
		{74F7AD64-C00E-404F-873D-E6B4486E300C}.Debug|Any CPU.ActiveCfg = Debug|Any CPU
		{74F7AD64-C00E-404F-873D-E6B4486E300C}.Debug|Any CPU.Build.0 = Debug|Any CPU
		{74F7AD64-C00E-404F-873D-E6B4486E300C}.Release|Any CPU.ActiveCfg = Release|Any CPU
		{74F7AD64-C00E-404F-873D-E6B4486E300C}.Release|Any CPU.Build.0 = Release|Any CPU
		{024A11F4-E245-46F5-A58B-4B4FF93DD67E}.Debug|Any CPU.ActiveCfg = Debug|Any CPU
		{024A11F4-E245-46F5-A58B-4B4FF93DD67E}.Debug|Any CPU.Build.0 = Debug|Any CPU
		{024A11F4-E245-46F5-A58B-4B4FF93DD67E}.Release|Any CPU.ActiveCfg = Release|Any CPU
		{024A11F4-E245-46F5-A58B-4B4FF93DD67E}.Release|Any CPU.Build.0 = Release|Any CPU
		{2E357799-0D6A-40AA-ADE8-C9FD5686BB41}.Debug|Any CPU.ActiveCfg = Debug|Any CPU
		{2E357799-0D6A-40AA-ADE8-C9FD5686BB41}.Debug|Any CPU.Build.0 = Debug|Any CPU
		{2E357799-0D6A-40AA-ADE8-C9FD5686BB41}.Release|Any CPU.ActiveCfg = Release|Any CPU
		{2E357799-0D6A-40AA-ADE8-C9FD5686BB41}.Release|Any CPU.Build.0 = Release|Any CPU
		{7A67EEEE-B5C6-4C80-A70A-63F9A7BA7E0A}.Debug|Any CPU.ActiveCfg = Debug|Any CPU
		{7A67EEEE-B5C6-4C80-A70A-63F9A7BA7E0A}.Debug|Any CPU.Build.0 = Debug|Any CPU
		{7A67EEEE-B5C6-4C80-A70A-63F9A7BA7E0A}.Release|Any CPU.ActiveCfg = Release|Any CPU
		{7A67EEEE-B5C6-4C80-A70A-63F9A7BA7E0A}.Release|Any CPU.Build.0 = Release|Any CPU
		{61E04142-B150-43A8-8BE8-048AE6265337}.Debug|Any CPU.ActiveCfg = Debug|Any CPU
		{61E04142-B150-43A8-8BE8-048AE6265337}.Debug|Any CPU.Build.0 = Debug|Any CPU
		{61E04142-B150-43A8-8BE8-048AE6265337}.Release|Any CPU.ActiveCfg = Release|Any CPU
		{61E04142-B150-43A8-8BE8-048AE6265337}.Release|Any CPU.Build.0 = Release|Any CPU
		{A93B1253-73D1-450E-8796-2869583515F8}.Debug|Any CPU.ActiveCfg = Debug|Any CPU
		{A93B1253-73D1-450E-8796-2869583515F8}.Debug|Any CPU.Build.0 = Debug|Any CPU
		{A93B1253-73D1-450E-8796-2869583515F8}.Release|Any CPU.ActiveCfg = Release|Any CPU
		{A93B1253-73D1-450E-8796-2869583515F8}.Release|Any CPU.Build.0 = Release|Any CPU
		{72A3A850-4412-4058-8AC2-5517B6D69483}.Debug|Any CPU.ActiveCfg = Debug|Any CPU
		{72A3A850-4412-4058-8AC2-5517B6D69483}.Debug|Any CPU.Build.0 = Debug|Any CPU
		{72A3A850-4412-4058-8AC2-5517B6D69483}.Release|Any CPU.ActiveCfg = Release|Any CPU
		{72A3A850-4412-4058-8AC2-5517B6D69483}.Release|Any CPU.Build.0 = Release|Any CPU
		{1C2B28F1-F16B-437F-8246-A15AEFCEE9ED}.Debug|Any CPU.ActiveCfg = Debug|Any CPU
		{1C2B28F1-F16B-437F-8246-A15AEFCEE9ED}.Debug|Any CPU.Build.0 = Debug|Any CPU
		{1C2B28F1-F16B-437F-8246-A15AEFCEE9ED}.Release|Any CPU.ActiveCfg = Release|Any CPU
		{1C2B28F1-F16B-437F-8246-A15AEFCEE9ED}.Release|Any CPU.Build.0 = Release|Any CPU
		{A11FA325-A0C4-45A9-AD0C-6DA0191EF944}.Debug|Any CPU.ActiveCfg = Debug|Any CPU
		{A11FA325-A0C4-45A9-AD0C-6DA0191EF944}.Debug|Any CPU.Build.0 = Debug|Any CPU
		{A11FA325-A0C4-45A9-AD0C-6DA0191EF944}.Release|Any CPU.ActiveCfg = Release|Any CPU
		{A11FA325-A0C4-45A9-AD0C-6DA0191EF944}.Release|Any CPU.Build.0 = Release|Any CPU
		{16A08B0B-D1FB-4390-80B2-597F52F36FB3}.Debug|Any CPU.ActiveCfg = Debug|Any CPU
		{16A08B0B-D1FB-4390-80B2-597F52F36FB3}.Debug|Any CPU.Build.0 = Debug|Any CPU
		{16A08B0B-D1FB-4390-80B2-597F52F36FB3}.Release|Any CPU.ActiveCfg = Release|Any CPU
		{16A08B0B-D1FB-4390-80B2-597F52F36FB3}.Release|Any CPU.Build.0 = Release|Any CPU
		{1545A176-6639-49B9-9404-852DE1920204}.Debug|Any CPU.ActiveCfg = Debug|Any CPU
		{1545A176-6639-49B9-9404-852DE1920204}.Debug|Any CPU.Build.0 = Debug|Any CPU
		{1545A176-6639-49B9-9404-852DE1920204}.Release|Any CPU.ActiveCfg = Release|Any CPU
		{1545A176-6639-49B9-9404-852DE1920204}.Release|Any CPU.Build.0 = Release|Any CPU
	EndGlobalSection
	GlobalSection(SolutionProperties) = preSolution
		HideSolutionNode = FALSE
	EndGlobalSection
	GlobalSection(ExtensibilityGlobals) = postSolution
		SolutionGuid = {6EC46F5C-5333-4A5F-86C0-713CB615C232}
	EndGlobalSection
EndGlobal
