
Microsoft Visual Studio Solution File, Format Version 12.00
# Visual Studio Version 17
VisualStudioVersion = 17.6.33712.159
MinimumVisualStudioVersion = 10.0.40219.1
Project("{FAE04EC0-301F-11D3-BF4B-00C04F79EFBC}") = "BeeCrowd", "BeeCrowd\BeeCrowd.csproj", "{A03D870F-9871-4DF0-A7C8-610ABC6D4A5F}"
EndProject
Project("{FAE04EC0-301F-11D3-BF4B-00C04F79EFBC}") = "Knight_Moves", "Knight_Moves\Knight_Moves.csproj", "{B8D6D718-9B35-429D-836B-2DFE6CDB3580}"
EndProject
Project("{FAE04EC0-301F-11D3-BF4B-00C04F79EFBC}") = "StarRating", "StarRating\StarRating.csproj", "{1F4C5241-CA20-4AED-9CE5-1A7C111B6B0F}"
EndProject
Project("{FAE04EC0-301F-11D3-BF4B-00C04F79EFBC}") = "Promedio 1", "Promedio 1\Promedio 1.csproj", "{25AD2602-994A-4755-B352-83C78ACCD5B2}"
EndProject
Project("{FAE04EC0-301F-11D3-BF4B-00C04F79EFBC}") = "Flores de Fuego", "Flores de Fuego\Flores de Fuego.csproj", "{D8FDE97A-CEE4-4E92-AE89-5DC2AA600383}"
EndProject
Project("{FAE04EC0-301F-11D3-BF4B-00C04F79EFBC}") = "Ejercicio_1501", "Ejercicio_1501\Ejercicio_1501.csproj", "{74F7AD64-C00E-404F-873D-E6B4486E300C}"
EndProject
Project("{FAE04EC0-301F-11D3-BF4B-00C04F79EFBC}") = "Ejercicio_1540", "Ejercicio_1540\Ejercicio_1540.csproj", "{024A11F4-E245-46F5-A58B-4B4FF93DD67E}"
EndProject
Project("{FAE04EC0-301F-11D3-BF4B-00C04F79EFBC}") = "Ejercicio_1006", "Ejercicio_1006\Ejercicio_1006.csproj", "{2E357799-0D6A-40AA-ADE8-C9FD5686BB41}"
EndProject
Project("{FAE04EC0-301F-11D3-BF4B-00C04F79EFBC}") = "Ejercicio_1007", "Ejercicio_1007\Ejercicio_1007.csproj", "{7A67EEEE-B5C6-4C80-A70A-63F9A7BA7E0A}"
EndProject
Project("{FAE04EC0-301F-11D3-BF4B-00C04F79EFBC}") = "Ejercicio_1008", "Ejercicio_1008\Ejercicio_1008.csproj", "{61E04142-B150-43A8-8BE8-048AE6265337}"
EndProject
Project("{FAE04EC0-301F-11D3-BF4B-00C04F79EFBC}") = "Ejercicio_1009", "Ejercicio_1009\Ejercicio_1009.csproj", "{A93B1253-73D1-450E-8796-2869583515F8}"
EndProject
Project("{FAE04EC0-301F-11D3-BF4B-00C04F79EFBC}") = "Ejercicio_1010", "Ejercicio_1010\Ejercicio_1010.csproj", "{72A3A850-4412-4058-8AC2-5517B6D69483}"
EndProject
Project("{FAE04EC0-301F-11D3-BF4B-00C04F79EFBC}") = "Ejercicio_1011", "Ejercicio_1011\Ejercicio_1011.csproj", "{1C2B28F1-F16B-437F-8246-A15AEFCEE9ED}"
EndProject
Project("{FAE04EC0-301F-11D3-BF4B-00C04F79EFBC}") = "Ejercicio_1012", "Ejercicio_1012\Ejercicio_1012.csproj", "{A11FA325-A0C4-45A9-AD0C-6DA0191EF944}"
EndProject
Project("{FAE04EC0-301F-11D3-BF4B-00C04F79EFBC}") = "Ejercicio_1357", "Ejercicio_1357\Ejercicio_1357.csproj", "{16A08B0B-D1FB-4390-80B2-597F52F36FB3}"
EndProject
Project("{FAE04EC0-301F-11D3-BF4B-00C04F79EFBC}") = "Ejercicio_1410", "Ejercicio_1410\Ejercicio_1410.csproj", "{1545A176-6639-49B9-9404-852DE1920204}"
EndProject
Project("{FAE04EC0-301F-11D3-BF4B-00C04F79EFBC}") = "Ejercicio_1244", "Ejercicio_1244\Ejercicio_1244.csproj", "{235F62EE-8280-43D6-8A30-9B8CA60C3ED5}"
EndProject
Project("{FAE04EC0-301F-11D3-BF4B-00C04F79EFBC}") = "Ejercicio_1549", "Ejercicio_1549\Ejercicio_1549.csproj", "{B9FE2816-1D43-497D-A05B-69E46EB8BB1D}"
EndProject
Project("{FAE04EC0-301F-11D3-BF4B-00C04F79EFBC}") = "Ejercicio_2379", "Ejercicio_2379\Ejercicio_2379.csproj", "{5A7F0128-224E-45CC-A1DE-8EE852E2C5F3}"
EndProject
Project("{2150E333-8FDC-42A3-9474-1A3956D46DE8}") = "Concurso_23_Sept_2022", "Concurso_23_Sept_2022", "{8A39D74D-CD7C-4CC5-9347-D344E90625AC}"
EndProject
Project("{FAE04EC0-301F-11D3-BF4B-00C04F79EFBC}") = "Desafio_D", "Desafio_D\Desafio_D.csproj", "{CDB12418-2DB2-4540-977C-6A93756E24B2}"
EndProject
Project("{FAE04EC0-301F-11D3-BF4B-00C04F79EFBC}") = "Desafio_F", "Desafio_F\Desafio_F.csproj", "{444D0356-D6B9-4C76-93A9-14E8BB5E3428}"
EndProject
Project("{9A19103F-16F7-4668-BE54-9A1E7A4F7556}") = "Desafio_B", "Desafio_B\Desafio_B.csproj", "{7677D229-B288-47D5-8C97-FB7978CF430E}"
EndProject
Project("{FAE04EC0-301F-11D3-BF4B-00C04F79EFBC}") = "Ejercicio_1166", "Ejercicio_1166\Ejercicio_1166.csproj", "{A7F51CDE-5F9A-43C5-B226-FE708DA809B6}"
EndProject
Project("{FAE04EC0-301F-11D3-BF4B-00C04F79EFBC}") = "Ejercicio_1256", "Ejercicio_1256\Ejercicio_1256.csproj", "{8F81CB16-98D8-4550-8AE4-3A4B81701C01}"
EndProject
Project("{FAE04EC0-301F-11D3-BF4B-00C04F79EFBC}") = "Ejercicio_1911", "Ejercicio_1911\Ejercicio_1911.csproj", "{ED658615-C2E7-4600-B4CB-421A27A79B3B}"
EndProject
Project("{FAE04EC0-301F-11D3-BF4B-00C04F79EFBC}") = "Ejercicio_1231", "Ejercicio1231\Ejercicio_1231.csproj", "{8C6C2C48-F67C-43D8-8D3F-1965D76BE23D}"
EndProject
Project("{FAE04EC0-301F-11D3-BF4B-00C04F79EFBC}") = "Ejercicio_3002", "Ejercicio_3002\Ejercicio_3002.csproj", "{DDF9149F-BB57-4CAF-BE55-70125B1EA174}"
EndProject
Project("{FAE04EC0-301F-11D3-BF4B-00C04F79EFBC}") = "Ejercicio_2006", "Ejercicio_2006\Ejercicio_2006.csproj", "{744699DD-4E23-46A2-8446-47F895512694}"
EndProject
Project("{FAE04EC0-301F-11D3-BF4B-00C04F79EFBC}") = "Ejercicio_2549", "Ejercicio_2549\Ejercicio_2549.csproj", "{D32FD01F-458B-44A6-991D-8EABCC5CDAEC}"
EndProject
Project("{FAE04EC0-301F-11D3-BF4B-00C04F79EFBC}") = "Ejercicio_1125", "Ejercicio_1125\Ejercicio_1125.csproj", "{D92D7D2A-7957-4DA9-AA03-4D76DE91F837}"
EndProject
Project("{FAE04EC0-301F-11D3-BF4B-00C04F79EFBC}") = "Ejercicio_1546", "Ejercicio_1546\Ejercicio_1546.csproj", "{BD5840D7-3C54-4D70-B34D-69255BFDA2CD}"
EndProject
Project("{FAE04EC0-301F-11D3-BF4B-00C04F79EFBC}") = "Ejercicio_1547", "Ejercicio_1547\Ejercicio_1547.csproj", "{68ECBBB7-3E90-47D9-85FD-B6FDB0A03A27}"
EndProject
Project("{FAE04EC0-301F-11D3-BF4B-00C04F79EFBC}") = "Ejercicio_1104", "Ejercicio_1104\Ejercicio_1104.csproj", "{BE9C438B-AEA1-4BD0-BA05-E3246F7F37BC}"
EndProject
Project("{2150E333-8FDC-42A3-9474-1A3956D46DE8}") = "Concurso_CodeClash_2023", "Concurso_CodeClash_2023", "{0FAA0046-6D60-4935-BBC6-CE36CBD41280}"
EndProject
Project("{FAE04EC0-301F-11D3-BF4B-00C04F79EFBC}") = "Ejercicio_E", "Ejercicio_E\Ejercicio_E.csproj", "{2BD3EC2A-A0B3-4209-BFDE-4215D2D91F56}"
EndProject
Project("{FAE04EC0-301F-11D3-BF4B-00C04F79EFBC}") = "Ejercicio_1013", "Ejercicio_1013\Ejercicio_1013.csproj", "{09268631-A6F3-4484-B3B6-5B49684C5AF1}"
EndProject
Project("{FAE04EC0-301F-11D3-BF4B-00C04F79EFBC}") = "Ejercicio_1014", "Ejercicio_1014\Ejercicio_1014.csproj", "{DECA748C-9E5A-45E7-8082-4C7A05F2A6A1}"
EndProject
Project("{FAE04EC0-301F-11D3-BF4B-00C04F79EFBC}") = "Ejercicio_1015", "Ejercicio_1015\Ejercicio_1015.csproj", "{83545604-C00E-4F47-BD70-32939B0B7F4D}"
EndProject
Project("{FAE04EC0-301F-11D3-BF4B-00C04F79EFBC}") = "Ejercicio_1016", "Ejercicio_1016\Ejercicio_1016.csproj", "{C59B1952-237B-4BBC-A84A-0BA8E087B873}"
EndProject
Project("{FAE04EC0-301F-11D3-BF4B-00C04F79EFBC}") = "Ejercicio_1017", "Ejercicio_1017\Ejercicio_1017.csproj", "{D3646008-2280-4ECA-B215-4FB0BC70CA51}"
EndProject
Project("{FAE04EC0-301F-11D3-BF4B-00C04F79EFBC}") = "Ejercicio_1018", "Ejercicio_1018\Ejercicio_1018.csproj", "{4E7F7147-5177-4317-97D6-C7C11820FCFE}"
EndProject
Project("{FAE04EC0-301F-11D3-BF4B-00C04F79EFBC}") = "Ejercicio_1019", "Ejercicio_1019\Ejercicio_1019.csproj", "{2EE3BE5F-7C33-4DE7-92A1-6C67A7718F82}"
EndProject
Project("{FAE04EC0-301F-11D3-BF4B-00C04F79EFBC}") = "Ejercicio_1020", "Ejercicio_1020\Ejercicio_1020.csproj", "{FD4152DA-75E5-44A3-BE5B-2608E61E2958}"
EndProject
Project("{FAE04EC0-301F-11D3-BF4B-00C04F79EFBC}") = "Ejercicio_1077", "Ejercicio_1077\Ejercicio_1077.csproj", "{DEA2532B-CAC5-4525-B4E6-A34FB7570509}"
EndProject
Project("{FAE04EC0-301F-11D3-BF4B-00C04F79EFBC}") = "Ejercicio_1021", "Ejercicio_1021\Ejercicio_1021.csproj", "{271DD053-56DC-4DF1-B8A1-A7A24B9CE352}"
EndProject
Project("{FAE04EC0-301F-11D3-BF4B-00C04F79EFBC}") = "Ejercicio_1257", "Ejercicio_1257\Ejercicio_1257.csproj", "{B396881D-1CF9-4585-8A32-69ACFF471B79}"
EndProject
Project("{FAE04EC0-301F-11D3-BF4B-00C04F79EFBC}") = "Ejercicio_1110", "Ejercicio_1110\Ejercicio_1110.csproj", "{C83B7181-994E-42D5-9927-C0F55272BE28}"
EndProject
Project("{FAE04EC0-301F-11D3-BF4B-00C04F79EFBC}") = "Ejercicio_1259", "Ejercicio_1259\Ejercicio_1259.csproj", "{30B5F247-CAAC-4218-A277-1EE6FCACA64E}"
EndProject
Project("{FAE04EC0-301F-11D3-BF4B-00C04F79EFBC}") = "Ejercicio_1238", "Ejercicio_1238\Ejercicio_1238.csproj", "{75E2BFCE-B429-4B43-94B9-A57591EE9EEE}"
EndProject
Project("{FAE04EC0-301F-11D3-BF4B-00C04F79EFBC}") = "Ejercicio_1022", "Ejercicio_1022\Ejercicio_1022.csproj", "{C8E52E09-1E2B-4130-B36F-3B7C2B670E6D}"
EndProject
Project("{FAE04EC0-301F-11D3-BF4B-00C04F79EFBC}") = "Ejercicio_2023", "Ejercicio_2023\Ejercicio_2023.csproj", "{2B4C2095-2F43-49BD-8F67-01026F450FCD}"
EndProject
Project("{FAE04EC0-301F-11D3-BF4B-00C04F79EFBC}") = "Ejercicio_1023", "Ejercicio_1023\Ejercicio_1023.csproj", "{5053D4FA-E0F4-4487-B169-E26749E659CE}"
EndProject
Project("{FAE04EC0-301F-11D3-BF4B-00C04F79EFBC}") = "Ejercicio_1024", "Ejercicio_1024\Ejercicio_1024.csproj", "{B0923533-BD99-4A7A-921B-E45EF88AEAE4}"
EndProject
Project("{FAE04EC0-301F-11D3-BF4B-00C04F79EFBC}") = "Ejercicio_1025", "Ejercicio_1025\Ejercicio_1025.csproj", "{F636B210-8F94-4627-8BA0-FBCE879641E5}"
EndProject
Project("{FAE04EC0-301F-11D3-BF4B-00C04F79EFBC}") = "Ejercicio_1026", "Ejercicio_1026\Ejercicio_1026.csproj", "{38F8DD82-15E8-46CC-BA9F-460CA110457D}"
EndProject
Project("{FAE04EC0-301F-11D3-BF4B-00C04F79EFBC}") = "Ejercicio_1027", "Ejercicio_1027\Ejercicio_1027.csproj", "{E7E69953-906A-4136-B30F-65DE46E9C758}"
EndProject
Project("{FAE04EC0-301F-11D3-BF4B-00C04F79EFBC}") = "Ejercicio_1028", "Ejercicio_1028\Ejercicio_1028.csproj", "{CF9B214B-D84F-4D02-8FEF-70709DF214C6}"
EndProject
Project("{FAE04EC0-301F-11D3-BF4B-00C04F79EFBC}") = "Ejercicio_1029", "Ejercicio_1029\Ejercicio_1029.csproj", "{73F870D4-B788-4286-9775-0B27A946DB4E}"
EndProject
Project("{FAE04EC0-301F-11D3-BF4B-00C04F79EFBC}") = "Ejercicio_1030", "Ejercicio_1030\Ejercicio_1030.csproj", "{6980FABF-4457-40AC-9763-155BC5414F5A}"
EndProject
Project("{FAE04EC0-301F-11D3-BF4B-00C04F79EFBC}") = "Ejercicio_1031", "Ejercicio_1031\Ejercicio_1031.csproj", "{4733005D-B61C-424F-B4D1-0680197FFF85}"
EndProject
Project("{FAE04EC0-301F-11D3-BF4B-00C04F79EFBC}") = "Ejercicio_1032", "Ejercicio_1032\Ejercicio_1032.csproj", "{255DFCAE-A6EE-4091-855C-295BF74CF6AB}"
EndProject
Project("{FAE04EC0-301F-11D3-BF4B-00C04F79EFBC}") = "Ejercicio_1033", "Ejercicio_1033\Ejercicio_1033.csproj", "{7620AFA2-2F06-46CD-93EC-E25A892F2EC0}"
EndProject
Project("{FAE04EC0-301F-11D3-BF4B-00C04F79EFBC}") = "Ejercicio_2701", "Ejercicio_2701\Ejercicio_2701.csproj", "{713F34B4-1EB3-4BED-A51F-D7B22E5D3B30}"
EndProject
Project("{FAE04EC0-301F-11D3-BF4B-00C04F79EFBC}") = "Ejercicio_2701_MetodoForzado", "Ejercicio_2701_MetodoForzado\Ejercicio_2701_MetodoForzado.csproj", "{EB990A7C-350A-4FA8-B098-839BDA7F3B13}"
EndProject
Project("{FAE04EC0-301F-11D3-BF4B-00C04F79EFBC}") = "Ejercicio_1872", "Ejercicio_1872\Ejercicio_1872.csproj", "{E8DF8590-AB38-4380-A3FD-28FAE0D82493}"
EndProject
Project("{FAE04EC0-301F-11D3-BF4B-00C04F79EFBC}") = "Ejercicio_1042", "Ejercicio_1042\Ejercicio_1042.csproj", "{3EC8DF61-0330-467D-9AFA-2C0EFC621684}"
EndProject
Project("{FAE04EC0-301F-11D3-BF4B-00C04F79EFBC}") = "Ejercicio_1306", "Ejercicio_1306\Ejercicio_1306.csproj", "{74F53593-893E-43DD-95FC-B41FB556CFD1}"
EndProject
Project("{FAE04EC0-301F-11D3-BF4B-00C04F79EFBC}") = "Ejercicio_1449", "Ejercicio_1449\Ejercicio_1449.csproj", "{D34F5BE8-C133-4BC8-835F-2F4F02B43B34}"
EndProject
Project("{FAE04EC0-301F-11D3-BF4B-00C04F79EFBC}") = "Ejercicio_1561", "Ejercicio_1561\Ejercicio_1561.csproj", "{6E5D2979-AED8-4B68-ACC1-D7AC23EE85AB}"
EndProject
Project("{2150E333-8FDC-42A3-9474-1A3956D46DE8}") = "Mirror_Clash_2024", "Mirror_Clash_2024", "{346C3F4B-55A3-43BF-8487-F1042615E286}"
EndProject
Project("{FAE04EC0-301F-11D3-BF4B-00C04F79EFBC}") = "Problema_G", "Problema_G\Problema_G.csproj", "{EF005CEA-8DFB-4745-AB57-CDDB9DC31461}"
EndProject
Project("{FAE04EC0-301F-11D3-BF4B-00C04F79EFBC}") = "Problema_I", "Problema_I\Problema_I.csproj", "{685DEEB5-C41F-4BB3-8AB4-7EBD45CCB42F}"
EndProject
Global
	GlobalSection(SolutionConfigurationPlatforms) = preSolution
		Debug|Any CPU = Debug|Any CPU
		Release|Any CPU = Release|Any CPU
	EndGlobalSection
	GlobalSection(ProjectConfigurationPlatforms) = postSolution
		{A03D870F-9871-4DF0-A7C8-610ABC6D4A5F}.Debug|Any CPU.ActiveCfg = Debug|Any CPU
		{A03D870F-9871-4DF0-A7C8-610ABC6D4A5F}.Debug|Any CPU.Build.0 = Debug|Any CPU
		{A03D870F-9871-4DF0-A7C8-610ABC6D4A5F}.Release|Any CPU.ActiveCfg = Release|Any CPU
		{A03D870F-9871-4DF0-A7C8-610ABC6D4A5F}.Release|Any CPU.Build.0 = Release|Any CPU
		{B8D6D718-9B35-429D-836B-2DFE6CDB3580}.Debug|Any CPU.ActiveCfg = Debug|Any CPU
		{B8D6D718-9B35-429D-836B-2DFE6CDB3580}.Debug|Any CPU.Build.0 = Debug|Any CPU
		{B8D6D718-9B35-429D-836B-2DFE6CDB3580}.Release|Any CPU.ActiveCfg = Release|Any CPU
		{B8D6D718-9B35-429D-836B-2DFE6CDB3580}.Release|Any CPU.Build.0 = Release|Any CPU
		{1F4C5241-CA20-4AED-9CE5-1A7C111B6B0F}.Debug|Any CPU.ActiveCfg = Debug|Any CPU
		{1F4C5241-CA20-4AED-9CE5-1A7C111B6B0F}.Debug|Any CPU.Build.0 = Debug|Any CPU
		{1F4C5241-CA20-4AED-9CE5-1A7C111B6B0F}.Release|Any CPU.ActiveCfg = Release|Any CPU
		{1F4C5241-CA20-4AED-9CE5-1A7C111B6B0F}.Release|Any CPU.Build.0 = Release|Any CPU
		{25AD2602-994A-4755-B352-83C78ACCD5B2}.Debug|Any CPU.ActiveCfg = Debug|Any CPU
		{25AD2602-994A-4755-B352-83C78ACCD5B2}.Debug|Any CPU.Build.0 = Debug|Any CPU
		{25AD2602-994A-4755-B352-83C78ACCD5B2}.Release|Any CPU.ActiveCfg = Release|Any CPU
		{25AD2602-994A-4755-B352-83C78ACCD5B2}.Release|Any CPU.Build.0 = Release|Any CPU
		{D8FDE97A-CEE4-4E92-AE89-5DC2AA600383}.Debug|Any CPU.ActiveCfg = Debug|Any CPU
		{D8FDE97A-CEE4-4E92-AE89-5DC2AA600383}.Debug|Any CPU.Build.0 = Debug|Any CPU
		{D8FDE97A-CEE4-4E92-AE89-5DC2AA600383}.Release|Any CPU.ActiveCfg = Release|Any CPU
		{D8FDE97A-CEE4-4E92-AE89-5DC2AA600383}.Release|Any CPU.Build.0 = Release|Any CPU
		{74F7AD64-C00E-404F-873D-E6B4486E300C}.Debug|Any CPU.ActiveCfg = Debug|Any CPU
		{74F7AD64-C00E-404F-873D-E6B4486E300C}.Debug|Any CPU.Build.0 = Debug|Any CPU
		{74F7AD64-C00E-404F-873D-E6B4486E300C}.Release|Any CPU.ActiveCfg = Release|Any CPU
		{74F7AD64-C00E-404F-873D-E6B4486E300C}.Release|Any CPU.Build.0 = Release|Any CPU
		{024A11F4-E245-46F5-A58B-4B4FF93DD67E}.Debug|Any CPU.ActiveCfg = Debug|Any CPU
		{024A11F4-E245-46F5-A58B-4B4FF93DD67E}.Debug|Any CPU.Build.0 = Debug|Any CPU
		{024A11F4-E245-46F5-A58B-4B4FF93DD67E}.Release|Any CPU.ActiveCfg = Release|Any CPU
		{024A11F4-E245-46F5-A58B-4B4FF93DD67E}.Release|Any CPU.Build.0 = Release|Any CPU
		{2E357799-0D6A-40AA-ADE8-C9FD5686BB41}.Debug|Any CPU.ActiveCfg = Debug|Any CPU
		{2E357799-0D6A-40AA-ADE8-C9FD5686BB41}.Debug|Any CPU.Build.0 = Debug|Any CPU
		{2E357799-0D6A-40AA-ADE8-C9FD5686BB41}.Release|Any CPU.ActiveCfg = Release|Any CPU
		{2E357799-0D6A-40AA-ADE8-C9FD5686BB41}.Release|Any CPU.Build.0 = Release|Any CPU
		{7A67EEEE-B5C6-4C80-A70A-63F9A7BA7E0A}.Debug|Any CPU.ActiveCfg = Debug|Any CPU
		{7A67EEEE-B5C6-4C80-A70A-63F9A7BA7E0A}.Debug|Any CPU.Build.0 = Debug|Any CPU
		{7A67EEEE-B5C6-4C80-A70A-63F9A7BA7E0A}.Release|Any CPU.ActiveCfg = Release|Any CPU
		{7A67EEEE-B5C6-4C80-A70A-63F9A7BA7E0A}.Release|Any CPU.Build.0 = Release|Any CPU
		{61E04142-B150-43A8-8BE8-048AE6265337}.Debug|Any CPU.ActiveCfg = Debug|Any CPU
		{61E04142-B150-43A8-8BE8-048AE6265337}.Debug|Any CPU.Build.0 = Debug|Any CPU
		{61E04142-B150-43A8-8BE8-048AE6265337}.Release|Any CPU.ActiveCfg = Release|Any CPU
		{61E04142-B150-43A8-8BE8-048AE6265337}.Release|Any CPU.Build.0 = Release|Any CPU
		{A93B1253-73D1-450E-8796-2869583515F8}.Debug|Any CPU.ActiveCfg = Debug|Any CPU
		{A93B1253-73D1-450E-8796-2869583515F8}.Debug|Any CPU.Build.0 = Debug|Any CPU
		{A93B1253-73D1-450E-8796-2869583515F8}.Release|Any CPU.ActiveCfg = Release|Any CPU
		{A93B1253-73D1-450E-8796-2869583515F8}.Release|Any CPU.Build.0 = Release|Any CPU
		{72A3A850-4412-4058-8AC2-5517B6D69483}.Debug|Any CPU.ActiveCfg = Debug|Any CPU
		{72A3A850-4412-4058-8AC2-5517B6D69483}.Debug|Any CPU.Build.0 = Debug|Any CPU
		{72A3A850-4412-4058-8AC2-5517B6D69483}.Release|Any CPU.ActiveCfg = Release|Any CPU
		{72A3A850-4412-4058-8AC2-5517B6D69483}.Release|Any CPU.Build.0 = Release|Any CPU
		{1C2B28F1-F16B-437F-8246-A15AEFCEE9ED}.Debug|Any CPU.ActiveCfg = Debug|Any CPU
		{1C2B28F1-F16B-437F-8246-A15AEFCEE9ED}.Debug|Any CPU.Build.0 = Debug|Any CPU
		{1C2B28F1-F16B-437F-8246-A15AEFCEE9ED}.Release|Any CPU.ActiveCfg = Release|Any CPU
		{1C2B28F1-F16B-437F-8246-A15AEFCEE9ED}.Release|Any CPU.Build.0 = Release|Any CPU
		{A11FA325-A0C4-45A9-AD0C-6DA0191EF944}.Debug|Any CPU.ActiveCfg = Debug|Any CPU
		{A11FA325-A0C4-45A9-AD0C-6DA0191EF944}.Debug|Any CPU.Build.0 = Debug|Any CPU
		{A11FA325-A0C4-45A9-AD0C-6DA0191EF944}.Release|Any CPU.ActiveCfg = Release|Any CPU
		{A11FA325-A0C4-45A9-AD0C-6DA0191EF944}.Release|Any CPU.Build.0 = Release|Any CPU
		{16A08B0B-D1FB-4390-80B2-597F52F36FB3}.Debug|Any CPU.ActiveCfg = Debug|Any CPU
		{16A08B0B-D1FB-4390-80B2-597F52F36FB3}.Debug|Any CPU.Build.0 = Debug|Any CPU
		{16A08B0B-D1FB-4390-80B2-597F52F36FB3}.Release|Any CPU.ActiveCfg = Release|Any CPU
		{16A08B0B-D1FB-4390-80B2-597F52F36FB3}.Release|Any CPU.Build.0 = Release|Any CPU
		{1545A176-6639-49B9-9404-852DE1920204}.Debug|Any CPU.ActiveCfg = Debug|Any CPU
		{1545A176-6639-49B9-9404-852DE1920204}.Debug|Any CPU.Build.0 = Debug|Any CPU
		{1545A176-6639-49B9-9404-852DE1920204}.Release|Any CPU.ActiveCfg = Release|Any CPU
		{1545A176-6639-49B9-9404-852DE1920204}.Release|Any CPU.Build.0 = Release|Any CPU
		{235F62EE-8280-43D6-8A30-9B8CA60C3ED5}.Debug|Any CPU.ActiveCfg = Debug|Any CPU
		{235F62EE-8280-43D6-8A30-9B8CA60C3ED5}.Debug|Any CPU.Build.0 = Debug|Any CPU
		{235F62EE-8280-43D6-8A30-9B8CA60C3ED5}.Release|Any CPU.ActiveCfg = Release|Any CPU
		{235F62EE-8280-43D6-8A30-9B8CA60C3ED5}.Release|Any CPU.Build.0 = Release|Any CPU
		{B9FE2816-1D43-497D-A05B-69E46EB8BB1D}.Debug|Any CPU.ActiveCfg = Debug|Any CPU
		{B9FE2816-1D43-497D-A05B-69E46EB8BB1D}.Debug|Any CPU.Build.0 = Debug|Any CPU
		{B9FE2816-1D43-497D-A05B-69E46EB8BB1D}.Release|Any CPU.ActiveCfg = Release|Any CPU
		{B9FE2816-1D43-497D-A05B-69E46EB8BB1D}.Release|Any CPU.Build.0 = Release|Any CPU
		{5A7F0128-224E-45CC-A1DE-8EE852E2C5F3}.Debug|Any CPU.ActiveCfg = Debug|Any CPU
		{5A7F0128-224E-45CC-A1DE-8EE852E2C5F3}.Debug|Any CPU.Build.0 = Debug|Any CPU
		{5A7F0128-224E-45CC-A1DE-8EE852E2C5F3}.Release|Any CPU.ActiveCfg = Release|Any CPU
		{5A7F0128-224E-45CC-A1DE-8EE852E2C5F3}.Release|Any CPU.Build.0 = Release|Any CPU
		{CDB12418-2DB2-4540-977C-6A93756E24B2}.Debug|Any CPU.ActiveCfg = Debug|Any CPU
		{CDB12418-2DB2-4540-977C-6A93756E24B2}.Debug|Any CPU.Build.0 = Debug|Any CPU
		{CDB12418-2DB2-4540-977C-6A93756E24B2}.Release|Any CPU.ActiveCfg = Release|Any CPU
		{CDB12418-2DB2-4540-977C-6A93756E24B2}.Release|Any CPU.Build.0 = Release|Any CPU
		{444D0356-D6B9-4C76-93A9-14E8BB5E3428}.Debug|Any CPU.ActiveCfg = Debug|Any CPU
		{444D0356-D6B9-4C76-93A9-14E8BB5E3428}.Debug|Any CPU.Build.0 = Debug|Any CPU
		{444D0356-D6B9-4C76-93A9-14E8BB5E3428}.Release|Any CPU.ActiveCfg = Release|Any CPU
		{444D0356-D6B9-4C76-93A9-14E8BB5E3428}.Release|Any CPU.Build.0 = Release|Any CPU
		{7677D229-B288-47D5-8C97-FB7978CF430E}.Debug|Any CPU.ActiveCfg = Debug|Any CPU
		{7677D229-B288-47D5-8C97-FB7978CF430E}.Debug|Any CPU.Build.0 = Debug|Any CPU
		{7677D229-B288-47D5-8C97-FB7978CF430E}.Release|Any CPU.ActiveCfg = Release|Any CPU
		{7677D229-B288-47D5-8C97-FB7978CF430E}.Release|Any CPU.Build.0 = Release|Any CPU
		{A7F51CDE-5F9A-43C5-B226-FE708DA809B6}.Debug|Any CPU.ActiveCfg = Debug|Any CPU
		{A7F51CDE-5F9A-43C5-B226-FE708DA809B6}.Debug|Any CPU.Build.0 = Debug|Any CPU
		{A7F51CDE-5F9A-43C5-B226-FE708DA809B6}.Release|Any CPU.ActiveCfg = Release|Any CPU
		{A7F51CDE-5F9A-43C5-B226-FE708DA809B6}.Release|Any CPU.Build.0 = Release|Any CPU
		{8F81CB16-98D8-4550-8AE4-3A4B81701C01}.Debug|Any CPU.ActiveCfg = Debug|Any CPU
		{8F81CB16-98D8-4550-8AE4-3A4B81701C01}.Debug|Any CPU.Build.0 = Debug|Any CPU
		{8F81CB16-98D8-4550-8AE4-3A4B81701C01}.Release|Any CPU.ActiveCfg = Release|Any CPU
		{8F81CB16-98D8-4550-8AE4-3A4B81701C01}.Release|Any CPU.Build.0 = Release|Any CPU
		{ED658615-C2E7-4600-B4CB-421A27A79B3B}.Debug|Any CPU.ActiveCfg = Debug|Any CPU
		{ED658615-C2E7-4600-B4CB-421A27A79B3B}.Debug|Any CPU.Build.0 = Debug|Any CPU
		{ED658615-C2E7-4600-B4CB-421A27A79B3B}.Release|Any CPU.ActiveCfg = Release|Any CPU
		{ED658615-C2E7-4600-B4CB-421A27A79B3B}.Release|Any CPU.Build.0 = Release|Any CPU
		{8C6C2C48-F67C-43D8-8D3F-1965D76BE23D}.Debug|Any CPU.ActiveCfg = Debug|Any CPU
		{8C6C2C48-F67C-43D8-8D3F-1965D76BE23D}.Debug|Any CPU.Build.0 = Debug|Any CPU
		{8C6C2C48-F67C-43D8-8D3F-1965D76BE23D}.Release|Any CPU.ActiveCfg = Release|Any CPU
		{8C6C2C48-F67C-43D8-8D3F-1965D76BE23D}.Release|Any CPU.Build.0 = Release|Any CPU
		{DDF9149F-BB57-4CAF-BE55-70125B1EA174}.Debug|Any CPU.ActiveCfg = Debug|Any CPU
		{DDF9149F-BB57-4CAF-BE55-70125B1EA174}.Debug|Any CPU.Build.0 = Debug|Any CPU
		{DDF9149F-BB57-4CAF-BE55-70125B1EA174}.Release|Any CPU.ActiveCfg = Release|Any CPU
		{DDF9149F-BB57-4CAF-BE55-70125B1EA174}.Release|Any CPU.Build.0 = Release|Any CPU
		{744699DD-4E23-46A2-8446-47F895512694}.Debug|Any CPU.ActiveCfg = Debug|Any CPU
		{744699DD-4E23-46A2-8446-47F895512694}.Debug|Any CPU.Build.0 = Debug|Any CPU
		{744699DD-4E23-46A2-8446-47F895512694}.Release|Any CPU.ActiveCfg = Release|Any CPU
		{744699DD-4E23-46A2-8446-47F895512694}.Release|Any CPU.Build.0 = Release|Any CPU
		{D32FD01F-458B-44A6-991D-8EABCC5CDAEC}.Debug|Any CPU.ActiveCfg = Debug|Any CPU
		{D32FD01F-458B-44A6-991D-8EABCC5CDAEC}.Debug|Any CPU.Build.0 = Debug|Any CPU
		{D32FD01F-458B-44A6-991D-8EABCC5CDAEC}.Release|Any CPU.ActiveCfg = Release|Any CPU
		{D32FD01F-458B-44A6-991D-8EABCC5CDAEC}.Release|Any CPU.Build.0 = Release|Any CPU
		{D92D7D2A-7957-4DA9-AA03-4D76DE91F837}.Debug|Any CPU.ActiveCfg = Debug|Any CPU
		{D92D7D2A-7957-4DA9-AA03-4D76DE91F837}.Debug|Any CPU.Build.0 = Debug|Any CPU
		{D92D7D2A-7957-4DA9-AA03-4D76DE91F837}.Release|Any CPU.ActiveCfg = Release|Any CPU
		{D92D7D2A-7957-4DA9-AA03-4D76DE91F837}.Release|Any CPU.Build.0 = Release|Any CPU
		{BD5840D7-3C54-4D70-B34D-69255BFDA2CD}.Debug|Any CPU.ActiveCfg = Debug|Any CPU
		{BD5840D7-3C54-4D70-B34D-69255BFDA2CD}.Debug|Any CPU.Build.0 = Debug|Any CPU
		{BD5840D7-3C54-4D70-B34D-69255BFDA2CD}.Release|Any CPU.ActiveCfg = Release|Any CPU
		{BD5840D7-3C54-4D70-B34D-69255BFDA2CD}.Release|Any CPU.Build.0 = Release|Any CPU
		{68ECBBB7-3E90-47D9-85FD-B6FDB0A03A27}.Debug|Any CPU.ActiveCfg = Debug|Any CPU
		{68ECBBB7-3E90-47D9-85FD-B6FDB0A03A27}.Debug|Any CPU.Build.0 = Debug|Any CPU
		{68ECBBB7-3E90-47D9-85FD-B6FDB0A03A27}.Release|Any CPU.ActiveCfg = Release|Any CPU
		{68ECBBB7-3E90-47D9-85FD-B6FDB0A03A27}.Release|Any CPU.Build.0 = Release|Any CPU
		{BE9C438B-AEA1-4BD0-BA05-E3246F7F37BC}.Debug|Any CPU.ActiveCfg = Debug|Any CPU
		{BE9C438B-AEA1-4BD0-BA05-E3246F7F37BC}.Debug|Any CPU.Build.0 = Debug|Any CPU
		{BE9C438B-AEA1-4BD0-BA05-E3246F7F37BC}.Release|Any CPU.ActiveCfg = Release|Any CPU
		{BE9C438B-AEA1-4BD0-BA05-E3246F7F37BC}.Release|Any CPU.Build.0 = Release|Any CPU
		{2BD3EC2A-A0B3-4209-BFDE-4215D2D91F56}.Debug|Any CPU.ActiveCfg = Debug|Any CPU
		{2BD3EC2A-A0B3-4209-BFDE-4215D2D91F56}.Debug|Any CPU.Build.0 = Debug|Any CPU
		{2BD3EC2A-A0B3-4209-BFDE-4215D2D91F56}.Release|Any CPU.ActiveCfg = Release|Any CPU
		{2BD3EC2A-A0B3-4209-BFDE-4215D2D91F56}.Release|Any CPU.Build.0 = Release|Any CPU
		{09268631-A6F3-4484-B3B6-5B49684C5AF1}.Debug|Any CPU.ActiveCfg = Debug|Any CPU
		{09268631-A6F3-4484-B3B6-5B49684C5AF1}.Debug|Any CPU.Build.0 = Debug|Any CPU
		{09268631-A6F3-4484-B3B6-5B49684C5AF1}.Release|Any CPU.ActiveCfg = Release|Any CPU
		{09268631-A6F3-4484-B3B6-5B49684C5AF1}.Release|Any CPU.Build.0 = Release|Any CPU
		{DECA748C-9E5A-45E7-8082-4C7A05F2A6A1}.Debug|Any CPU.ActiveCfg = Debug|Any CPU
		{DECA748C-9E5A-45E7-8082-4C7A05F2A6A1}.Debug|Any CPU.Build.0 = Debug|Any CPU
		{DECA748C-9E5A-45E7-8082-4C7A05F2A6A1}.Release|Any CPU.ActiveCfg = Release|Any CPU
		{DECA748C-9E5A-45E7-8082-4C7A05F2A6A1}.Release|Any CPU.Build.0 = Release|Any CPU
		{83545604-C00E-4F47-BD70-32939B0B7F4D}.Debug|Any CPU.ActiveCfg = Debug|Any CPU
		{83545604-C00E-4F47-BD70-32939B0B7F4D}.Debug|Any CPU.Build.0 = Debug|Any CPU
		{83545604-C00E-4F47-BD70-32939B0B7F4D}.Release|Any CPU.ActiveCfg = Release|Any CPU
		{83545604-C00E-4F47-BD70-32939B0B7F4D}.Release|Any CPU.Build.0 = Release|Any CPU
		{C59B1952-237B-4BBC-A84A-0BA8E087B873}.Debug|Any CPU.ActiveCfg = Debug|Any CPU
		{C59B1952-237B-4BBC-A84A-0BA8E087B873}.Debug|Any CPU.Build.0 = Debug|Any CPU
		{C59B1952-237B-4BBC-A84A-0BA8E087B873}.Release|Any CPU.ActiveCfg = Release|Any CPU
		{C59B1952-237B-4BBC-A84A-0BA8E087B873}.Release|Any CPU.Build.0 = Release|Any CPU
		{D3646008-2280-4ECA-B215-4FB0BC70CA51}.Debug|Any CPU.ActiveCfg = Debug|Any CPU
		{D3646008-2280-4ECA-B215-4FB0BC70CA51}.Debug|Any CPU.Build.0 = Debug|Any CPU
		{D3646008-2280-4ECA-B215-4FB0BC70CA51}.Release|Any CPU.ActiveCfg = Release|Any CPU
		{D3646008-2280-4ECA-B215-4FB0BC70CA51}.Release|Any CPU.Build.0 = Release|Any CPU
		{4E7F7147-5177-4317-97D6-C7C11820FCFE}.Debug|Any CPU.ActiveCfg = Debug|Any CPU
		{4E7F7147-5177-4317-97D6-C7C11820FCFE}.Debug|Any CPU.Build.0 = Debug|Any CPU
		{4E7F7147-5177-4317-97D6-C7C11820FCFE}.Release|Any CPU.ActiveCfg = Release|Any CPU
		{4E7F7147-5177-4317-97D6-C7C11820FCFE}.Release|Any CPU.Build.0 = Release|Any CPU
		{2EE3BE5F-7C33-4DE7-92A1-6C67A7718F82}.Debug|Any CPU.ActiveCfg = Debug|Any CPU
		{2EE3BE5F-7C33-4DE7-92A1-6C67A7718F82}.Debug|Any CPU.Build.0 = Debug|Any CPU
		{2EE3BE5F-7C33-4DE7-92A1-6C67A7718F82}.Release|Any CPU.ActiveCfg = Release|Any CPU
		{2EE3BE5F-7C33-4DE7-92A1-6C67A7718F82}.Release|Any CPU.Build.0 = Release|Any CPU
		{FD4152DA-75E5-44A3-BE5B-2608E61E2958}.Debug|Any CPU.ActiveCfg = Debug|Any CPU
		{FD4152DA-75E5-44A3-BE5B-2608E61E2958}.Debug|Any CPU.Build.0 = Debug|Any CPU
		{FD4152DA-75E5-44A3-BE5B-2608E61E2958}.Release|Any CPU.ActiveCfg = Release|Any CPU
		{FD4152DA-75E5-44A3-BE5B-2608E61E2958}.Release|Any CPU.Build.0 = Release|Any CPU
		{DEA2532B-CAC5-4525-B4E6-A34FB7570509}.Debug|Any CPU.ActiveCfg = Debug|Any CPU
		{DEA2532B-CAC5-4525-B4E6-A34FB7570509}.Debug|Any CPU.Build.0 = Debug|Any CPU
		{DEA2532B-CAC5-4525-B4E6-A34FB7570509}.Release|Any CPU.ActiveCfg = Release|Any CPU
		{DEA2532B-CAC5-4525-B4E6-A34FB7570509}.Release|Any CPU.Build.0 = Release|Any CPU
		{271DD053-56DC-4DF1-B8A1-A7A24B9CE352}.Debug|Any CPU.ActiveCfg = Debug|Any CPU
		{271DD053-56DC-4DF1-B8A1-A7A24B9CE352}.Debug|Any CPU.Build.0 = Debug|Any CPU
		{271DD053-56DC-4DF1-B8A1-A7A24B9CE352}.Release|Any CPU.ActiveCfg = Release|Any CPU
		{271DD053-56DC-4DF1-B8A1-A7A24B9CE352}.Release|Any CPU.Build.0 = Release|Any CPU
		{B396881D-1CF9-4585-8A32-69ACFF471B79}.Debug|Any CPU.ActiveCfg = Debug|Any CPU
		{B396881D-1CF9-4585-8A32-69ACFF471B79}.Debug|Any CPU.Build.0 = Debug|Any CPU
		{B396881D-1CF9-4585-8A32-69ACFF471B79}.Release|Any CPU.ActiveCfg = Release|Any CPU
		{B396881D-1CF9-4585-8A32-69ACFF471B79}.Release|Any CPU.Build.0 = Release|Any CPU
		{C83B7181-994E-42D5-9927-C0F55272BE28}.Debug|Any CPU.ActiveCfg = Debug|Any CPU
		{C83B7181-994E-42D5-9927-C0F55272BE28}.Debug|Any CPU.Build.0 = Debug|Any CPU
		{C83B7181-994E-42D5-9927-C0F55272BE28}.Release|Any CPU.ActiveCfg = Release|Any CPU
		{C83B7181-994E-42D5-9927-C0F55272BE28}.Release|Any CPU.Build.0 = Release|Any CPU
		{30B5F247-CAAC-4218-A277-1EE6FCACA64E}.Debug|Any CPU.ActiveCfg = Debug|Any CPU
		{30B5F247-CAAC-4218-A277-1EE6FCACA64E}.Debug|Any CPU.Build.0 = Debug|Any CPU
		{30B5F247-CAAC-4218-A277-1EE6FCACA64E}.Release|Any CPU.ActiveCfg = Release|Any CPU
		{30B5F247-CAAC-4218-A277-1EE6FCACA64E}.Release|Any CPU.Build.0 = Release|Any CPU
		{75E2BFCE-B429-4B43-94B9-A57591EE9EEE}.Debug|Any CPU.ActiveCfg = Debug|Any CPU
		{75E2BFCE-B429-4B43-94B9-A57591EE9EEE}.Debug|Any CPU.Build.0 = Debug|Any CPU
		{75E2BFCE-B429-4B43-94B9-A57591EE9EEE}.Release|Any CPU.ActiveCfg = Release|Any CPU
		{75E2BFCE-B429-4B43-94B9-A57591EE9EEE}.Release|Any CPU.Build.0 = Release|Any CPU
		{C8E52E09-1E2B-4130-B36F-3B7C2B670E6D}.Debug|Any CPU.ActiveCfg = Debug|Any CPU
		{C8E52E09-1E2B-4130-B36F-3B7C2B670E6D}.Debug|Any CPU.Build.0 = Debug|Any CPU
		{C8E52E09-1E2B-4130-B36F-3B7C2B670E6D}.Release|Any CPU.ActiveCfg = Release|Any CPU
		{C8E52E09-1E2B-4130-B36F-3B7C2B670E6D}.Release|Any CPU.Build.0 = Release|Any CPU
		{2B4C2095-2F43-49BD-8F67-01026F450FCD}.Debug|Any CPU.ActiveCfg = Debug|Any CPU
		{2B4C2095-2F43-49BD-8F67-01026F450FCD}.Debug|Any CPU.Build.0 = Debug|Any CPU
		{2B4C2095-2F43-49BD-8F67-01026F450FCD}.Release|Any CPU.ActiveCfg = Release|Any CPU
		{2B4C2095-2F43-49BD-8F67-01026F450FCD}.Release|Any CPU.Build.0 = Release|Any CPU
		{5053D4FA-E0F4-4487-B169-E26749E659CE}.Debug|Any CPU.ActiveCfg = Debug|Any CPU
		{5053D4FA-E0F4-4487-B169-E26749E659CE}.Debug|Any CPU.Build.0 = Debug|Any CPU
		{5053D4FA-E0F4-4487-B169-E26749E659CE}.Release|Any CPU.ActiveCfg = Release|Any CPU
		{5053D4FA-E0F4-4487-B169-E26749E659CE}.Release|Any CPU.Build.0 = Release|Any CPU
		{B0923533-BD99-4A7A-921B-E45EF88AEAE4}.Debug|Any CPU.ActiveCfg = Debug|Any CPU
		{B0923533-BD99-4A7A-921B-E45EF88AEAE4}.Debug|Any CPU.Build.0 = Debug|Any CPU
		{B0923533-BD99-4A7A-921B-E45EF88AEAE4}.Release|Any CPU.ActiveCfg = Release|Any CPU
		{B0923533-BD99-4A7A-921B-E45EF88AEAE4}.Release|Any CPU.Build.0 = Release|Any CPU
		{F636B210-8F94-4627-8BA0-FBCE879641E5}.Debug|Any CPU.ActiveCfg = Debug|Any CPU
		{F636B210-8F94-4627-8BA0-FBCE879641E5}.Debug|Any CPU.Build.0 = Debug|Any CPU
		{F636B210-8F94-4627-8BA0-FBCE879641E5}.Release|Any CPU.ActiveCfg = Release|Any CPU
		{F636B210-8F94-4627-8BA0-FBCE879641E5}.Release|Any CPU.Build.0 = Release|Any CPU
		{38F8DD82-15E8-46CC-BA9F-460CA110457D}.Debug|Any CPU.ActiveCfg = Debug|Any CPU
		{38F8DD82-15E8-46CC-BA9F-460CA110457D}.Debug|Any CPU.Build.0 = Debug|Any CPU
		{38F8DD82-15E8-46CC-BA9F-460CA110457D}.Release|Any CPU.ActiveCfg = Release|Any CPU
		{38F8DD82-15E8-46CC-BA9F-460CA110457D}.Release|Any CPU.Build.0 = Release|Any CPU
		{E7E69953-906A-4136-B30F-65DE46E9C758}.Debug|Any CPU.ActiveCfg = Debug|Any CPU
		{E7E69953-906A-4136-B30F-65DE46E9C758}.Debug|Any CPU.Build.0 = Debug|Any CPU
		{E7E69953-906A-4136-B30F-65DE46E9C758}.Release|Any CPU.ActiveCfg = Release|Any CPU
		{E7E69953-906A-4136-B30F-65DE46E9C758}.Release|Any CPU.Build.0 = Release|Any CPU
		{CF9B214B-D84F-4D02-8FEF-70709DF214C6}.Debug|Any CPU.ActiveCfg = Debug|Any CPU
		{CF9B214B-D84F-4D02-8FEF-70709DF214C6}.Debug|Any CPU.Build.0 = Debug|Any CPU
		{CF9B214B-D84F-4D02-8FEF-70709DF214C6}.Release|Any CPU.ActiveCfg = Release|Any CPU
		{CF9B214B-D84F-4D02-8FEF-70709DF214C6}.Release|Any CPU.Build.0 = Release|Any CPU
		{73F870D4-B788-4286-9775-0B27A946DB4E}.Debug|Any CPU.ActiveCfg = Debug|Any CPU
		{73F870D4-B788-4286-9775-0B27A946DB4E}.Debug|Any CPU.Build.0 = Debug|Any CPU
		{73F870D4-B788-4286-9775-0B27A946DB4E}.Release|Any CPU.ActiveCfg = Release|Any CPU
		{73F870D4-B788-4286-9775-0B27A946DB4E}.Release|Any CPU.Build.0 = Release|Any CPU
		{6980FABF-4457-40AC-9763-155BC5414F5A}.Debug|Any CPU.ActiveCfg = Debug|Any CPU
		{6980FABF-4457-40AC-9763-155BC5414F5A}.Debug|Any CPU.Build.0 = Debug|Any CPU
		{6980FABF-4457-40AC-9763-155BC5414F5A}.Release|Any CPU.ActiveCfg = Release|Any CPU
		{6980FABF-4457-40AC-9763-155BC5414F5A}.Release|Any CPU.Build.0 = Release|Any CPU
		{4733005D-B61C-424F-B4D1-0680197FFF85}.Debug|Any CPU.ActiveCfg = Debug|Any CPU
		{4733005D-B61C-424F-B4D1-0680197FFF85}.Debug|Any CPU.Build.0 = Debug|Any CPU
		{4733005D-B61C-424F-B4D1-0680197FFF85}.Release|Any CPU.ActiveCfg = Release|Any CPU
		{4733005D-B61C-424F-B4D1-0680197FFF85}.Release|Any CPU.Build.0 = Release|Any CPU
		{255DFCAE-A6EE-4091-855C-295BF74CF6AB}.Debug|Any CPU.ActiveCfg = Debug|Any CPU
		{255DFCAE-A6EE-4091-855C-295BF74CF6AB}.Debug|Any CPU.Build.0 = Debug|Any CPU
		{255DFCAE-A6EE-4091-855C-295BF74CF6AB}.Release|Any CPU.ActiveCfg = Release|Any CPU
		{255DFCAE-A6EE-4091-855C-295BF74CF6AB}.Release|Any CPU.Build.0 = Release|Any CPU
		{7620AFA2-2F06-46CD-93EC-E25A892F2EC0}.Debug|Any CPU.ActiveCfg = Debug|Any CPU
		{7620AFA2-2F06-46CD-93EC-E25A892F2EC0}.Debug|Any CPU.Build.0 = Debug|Any CPU
		{7620AFA2-2F06-46CD-93EC-E25A892F2EC0}.Release|Any CPU.ActiveCfg = Release|Any CPU
		{7620AFA2-2F06-46CD-93EC-E25A892F2EC0}.Release|Any CPU.Build.0 = Release|Any CPU
		{713F34B4-1EB3-4BED-A51F-D7B22E5D3B30}.Debug|Any CPU.ActiveCfg = Debug|Any CPU
		{713F34B4-1EB3-4BED-A51F-D7B22E5D3B30}.Debug|Any CPU.Build.0 = Debug|Any CPU
		{713F34B4-1EB3-4BED-A51F-D7B22E5D3B30}.Release|Any CPU.ActiveCfg = Release|Any CPU
		{713F34B4-1EB3-4BED-A51F-D7B22E5D3B30}.Release|Any CPU.Build.0 = Release|Any CPU
		{EB990A7C-350A-4FA8-B098-839BDA7F3B13}.Debug|Any CPU.ActiveCfg = Debug|Any CPU
		{EB990A7C-350A-4FA8-B098-839BDA7F3B13}.Debug|Any CPU.Build.0 = Debug|Any CPU
		{EB990A7C-350A-4FA8-B098-839BDA7F3B13}.Release|Any CPU.ActiveCfg = Release|Any CPU
		{EB990A7C-350A-4FA8-B098-839BDA7F3B13}.Release|Any CPU.Build.0 = Release|Any CPU
		{E8DF8590-AB38-4380-A3FD-28FAE0D82493}.Debug|Any CPU.ActiveCfg = Debug|Any CPU
		{E8DF8590-AB38-4380-A3FD-28FAE0D82493}.Debug|Any CPU.Build.0 = Debug|Any CPU
		{E8DF8590-AB38-4380-A3FD-28FAE0D82493}.Release|Any CPU.ActiveCfg = Release|Any CPU
		{E8DF8590-AB38-4380-A3FD-28FAE0D82493}.Release|Any CPU.Build.0 = Release|Any CPU
		{3EC8DF61-0330-467D-9AFA-2C0EFC621684}.Debug|Any CPU.ActiveCfg = Debug|Any CPU
		{3EC8DF61-0330-467D-9AFA-2C0EFC621684}.Debug|Any CPU.Build.0 = Debug|Any CPU
		{3EC8DF61-0330-467D-9AFA-2C0EFC621684}.Release|Any CPU.ActiveCfg = Release|Any CPU
		{3EC8DF61-0330-467D-9AFA-2C0EFC621684}.Release|Any CPU.Build.0 = Release|Any CPU
		{74F53593-893E-43DD-95FC-B41FB556CFD1}.Debug|Any CPU.ActiveCfg = Debug|Any CPU
		{74F53593-893E-43DD-95FC-B41FB556CFD1}.Debug|Any CPU.Build.0 = Debug|Any CPU
		{74F53593-893E-43DD-95FC-B41FB556CFD1}.Release|Any CPU.ActiveCfg = Release|Any CPU
		{74F53593-893E-43DD-95FC-B41FB556CFD1}.Release|Any CPU.Build.0 = Release|Any CPU
		{D34F5BE8-C133-4BC8-835F-2F4F02B43B34}.Debug|Any CPU.ActiveCfg = Debug|Any CPU
		{D34F5BE8-C133-4BC8-835F-2F4F02B43B34}.Debug|Any CPU.Build.0 = Debug|Any CPU
		{D34F5BE8-C133-4BC8-835F-2F4F02B43B34}.Release|Any CPU.ActiveCfg = Release|Any CPU
		{D34F5BE8-C133-4BC8-835F-2F4F02B43B34}.Release|Any CPU.Build.0 = Release|Any CPU
		{6E5D2979-AED8-4B68-ACC1-D7AC23EE85AB}.Debug|Any CPU.ActiveCfg = Debug|Any CPU
		{6E5D2979-AED8-4B68-ACC1-D7AC23EE85AB}.Debug|Any CPU.Build.0 = Debug|Any CPU
		{6E5D2979-AED8-4B68-ACC1-D7AC23EE85AB}.Release|Any CPU.ActiveCfg = Release|Any CPU
		{6E5D2979-AED8-4B68-ACC1-D7AC23EE85AB}.Release|Any CPU.Build.0 = Release|Any CPU
		{EF005CEA-8DFB-4745-AB57-CDDB9DC31461}.Debug|Any CPU.ActiveCfg = Debug|Any CPU
		{EF005CEA-8DFB-4745-AB57-CDDB9DC31461}.Debug|Any CPU.Build.0 = Debug|Any CPU
		{EF005CEA-8DFB-4745-AB57-CDDB9DC31461}.Release|Any CPU.ActiveCfg = Release|Any CPU
		{EF005CEA-8DFB-4745-AB57-CDDB9DC31461}.Release|Any CPU.Build.0 = Release|Any CPU
		{685DEEB5-C41F-4BB3-8AB4-7EBD45CCB42F}.Debug|Any CPU.ActiveCfg = Debug|Any CPU
		{685DEEB5-C41F-4BB3-8AB4-7EBD45CCB42F}.Debug|Any CPU.Build.0 = Debug|Any CPU
		{685DEEB5-C41F-4BB3-8AB4-7EBD45CCB42F}.Release|Any CPU.ActiveCfg = Release|Any CPU
		{685DEEB5-C41F-4BB3-8AB4-7EBD45CCB42F}.Release|Any CPU.Build.0 = Release|Any CPU
	EndGlobalSection
	GlobalSection(SolutionProperties) = preSolution
		HideSolutionNode = FALSE
	EndGlobalSection
	GlobalSection(NestedProjects) = preSolution
		{CDB12418-2DB2-4540-977C-6A93756E24B2} = {8A39D74D-CD7C-4CC5-9347-D344E90625AC}
		{444D0356-D6B9-4C76-93A9-14E8BB5E3428} = {8A39D74D-CD7C-4CC5-9347-D344E90625AC}
		{7677D229-B288-47D5-8C97-FB7978CF430E} = {8A39D74D-CD7C-4CC5-9347-D344E90625AC}
		{2BD3EC2A-A0B3-4209-BFDE-4215D2D91F56} = {0FAA0046-6D60-4935-BBC6-CE36CBD41280}
		{EF005CEA-8DFB-4745-AB57-CDDB9DC31461} = {346C3F4B-55A3-43BF-8487-F1042615E286}
		{685DEEB5-C41F-4BB3-8AB4-7EBD45CCB42F} = {346C3F4B-55A3-43BF-8487-F1042615E286}
	EndGlobalSection
	GlobalSection(ExtensibilityGlobals) = postSolution
		SolutionGuid = {6EC46F5C-5333-4A5F-86C0-713CB615C232}
	EndGlobalSection
EndGlobal
